[[package]]
category = "main"
description = "Disable App Nap on OS X 10.9"
marker = "sys_platform == \"darwin\""
name = "appnope"
optional = false
python-versions = "*"
version = "0.1.0"

[[package]]
category = "main"
description = "Specifications for callback functions passed in to an API"
name = "backcall"
optional = false
python-versions = "*"
version = "0.1.0"

[[package]]
category = "main"
description = "An easy safelist-based HTML-sanitizing tool."
name = "bleach"
optional = false
python-versions = ">=2.7, !=3.0.*, !=3.1.*, !=3.2.*, !=3.3.*"
version = "3.0.2"

[package.dependencies]
six = "*"
webencodings = "*"

[[package]]
category = "main"
description = "Cross-platform colored terminal text."
marker = "sys_platform == \"win32\""
name = "colorama"
optional = false
python-versions = ">=2.7, !=3.0.*, !=3.1.*, !=3.2.*, !=3.3.*"
version = "0.4.0"

[[package]]
category = "main"
description = "Better living through Python with decorators"
name = "decorator"
optional = false
python-versions = "*"
version = "4.3.0"

[[package]]
category = "main"
description = "XML bomb protection for Python stdlib modules"
name = "defusedxml"
optional = false
python-versions = "*"
version = "0.5.0"

[[package]]
category = "main"
description = "Discover and load entry points from installed packages."
name = "entrypoints"
optional = false
python-versions = ">=2.7"
version = "0.2.3"

[[package]]
category = "main"
description = "IPython Kernel for Jupyter"
name = "ipykernel"
optional = false
python-versions = ">=3.4"
version = "5.1.0"

[package.dependencies]
ipython = ">=5.0.0"
jupyter-client = "*"
tornado = ">=4.2"
traitlets = ">=4.1.0"

[[package]]
category = "main"
description = "IPython: Productive Interactive Computing"
name = "ipython"
optional = false
python-versions = ">=3.5"
version = "7.1.1"

[package.dependencies]
appnope = "*"
backcall = "*"
colorama = "*"
decorator = "*"
jedi = ">=0.10"
pexpect = "*"
pickleshare = "*"
prompt-toolkit = ">=2.0.0,<2.1.0"
pygments = "*"
setuptools = ">=18.5"
traitlets = ">=4.2"

[[package]]
category = "main"
description = "Vestigial utilities from IPython"
name = "ipython-genutils"
optional = false
python-versions = "*"
version = "0.2.0"

[[package]]
category = "main"
description = "An autocompletion tool for Python that can be used for text editors."
name = "jedi"
optional = false
python-versions = ">=2.7, !=3.0.*, !=3.1.*, !=3.2.*, !=3.3.*"
version = "0.13.1"

[package.dependencies]
parso = ">=0.3.0"

[[package]]
category = "main"
description = "A small but fast and easy to use stand-alone template engine written in pure python."
name = "jinja2"
optional = false
python-versions = "*"
version = "2.10"

[package.dependencies]
MarkupSafe = ">=0.23"

[[package]]
category = "main"
description = "An implementation of JSON Schema validation for Python"
name = "jsonschema"
optional = false
python-versions = "*"
version = "2.6.0"

[[package]]
category = "main"
description = "Jupyter protocol implementation and client libraries"
name = "jupyter-client"
optional = false
python-versions = ">=2.7, !=3.0.*, !=3.1.*, !=3.2.*"
version = "5.2.3"

[package.dependencies]
jupyter-core = "*"
python-dateutil = ">=2.1"
pyzmq = ">=13"
tornado = ">=4.1"
traitlets = "*"

[[package]]
category = "main"
description = "Jupyter core package. A base package on which Jupyter projects rely."
name = "jupyter-core"
optional = false
python-versions = "*"
version = "4.4.0"

[package.dependencies]
traitlets = "*"

[[package]]
category = "main"
description = "The JupyterLab notebook server extension."
name = "jupyterlab"
optional = false
python-versions = ">=3.5"
version = "0.35.4"

[package.dependencies]
jupyterlab-server = ">=0.2.0,<0.3.0"
notebook = ">=4.3.1"

[[package]]
category = "main"
description = "JupyterLab Server"
name = "jupyterlab-server"
optional = false
python-versions = ">=3.5"
version = "0.2.0"

[package.dependencies]
jsonschema = ">=2.6.0"
notebook = ">=4.2.0"

[[package]]
category = "main"
description = "Safely add untrusted strings to HTML/XML markup."
name = "markupsafe"
optional = false
python-versions = ">=2.7,!=3.0.*,!=3.1.*,!=3.2.*,!=3.3.*"
version = "1.1.0"

[[package]]
category = "main"
description = "The fastest markdown parser in pure Python"
name = "mistune"
optional = false
python-versions = "*"
version = "0.8.4"

[[package]]
category = "main"
description = "Converting Jupyter Notebooks"
name = "nbconvert"
optional = false
python-versions = ">=2.7, !=3.0.*, !=3.1.*, !=3.2.*, !=3.3.*"
version = "5.4.0"

[package.dependencies]
bleach = "*"
defusedxml = "*"
entrypoints = ">=0.2.2"
jinja2 = "*"
jupyter-core = "*"
mistune = ">=0.8.1"
nbformat = ">=4.4"
pandocfilters = ">=1.4.1"
pygments = "*"
testpath = "*"
traitlets = ">=4.2"

[[package]]
category = "main"
description = "The Jupyter Notebook format"
name = "nbformat"
optional = false
python-versions = "*"
version = "4.4.0"

[package.dependencies]
ipython-genutils = "*"
jsonschema = ">=2.4,<2.5.0 || >2.5.0"
jupyter-core = "*"
traitlets = ">=4.1"

[[package]]
category = "main"
description = "A web-based notebook environment for interactive computing"
name = "notebook"
optional = false
python-versions = "*"
version = "5.7.2"

[package.dependencies]
Send2Trash = "*"
ipykernel = "*"
ipython-genutils = "*"
jinja2 = "*"
jupyter-client = ">=5.2.0"
jupyter-core = ">=4.4.0"
nbconvert = "*"
nbformat = "*"
prometheus-client = "*"
pyzmq = ">=17"
terminado = ">=0.8.1"
tornado = ">=4"
traitlets = ">=4.2.1"

[[package]]
category = "main"
description = "NumPy: array processing for numbers, strings, records, and objects."
name = "numpy"
optional = false
python-versions = ">=2.7,!=3.0.*,!=3.1.*,!=3.2.*,!=3.3.*"
version = "1.15.4"

[[package]]
category = "main"
description = "Powerful data structures for data analysis, time series, and statistics"
name = "pandas"
optional = false
python-versions = ">=2.7,!=3.0.*,!=3.1.*,!=3.2.*,!=3.3.*,!=3.4.*"
version = "0.23.4"

[package.dependencies]
numpy = ">=1.9.0"
python-dateutil = ">=2.5.0"
pytz = ">=2011k"

[[package]]
category = "main"
description = "Utilities for writing pandoc filters in python"
name = "pandocfilters"
optional = false
python-versions = "*"
version = "1.4.2"

[[package]]
category = "main"
description = "A Python Parser"
name = "parso"
optional = false
python-versions = "*"
version = "0.3.1"

[[package]]
category = "main"
description = "Pexpect allows easy control of interactive console applications."
marker = "sys_platform != \"win32\""
name = "pexpect"
optional = false
python-versions = "*"
version = "4.6.0"

[package.dependencies]
ptyprocess = ">=0.5"

[[package]]
category = "main"
description = "Tiny 'shelve'-like database with concurrency support"
name = "pickleshare"
optional = false
python-versions = "*"
version = "0.7.5"

[[package]]
category = "main"
description = "Python client for the Prometheus monitoring system."
name = "prometheus-client"
optional = false
python-versions = "*"
version = "0.4.2"

[[package]]
category = "main"
description = "Library for building powerful interactive command lines in Python"
name = "prompt-toolkit"
optional = false
python-versions = "*"
version = "2.0.7"

[package.dependencies]
six = ">=1.9.0"
wcwidth = "*"

[[package]]
category = "main"
description = "Run a subprocess in a pseudo terminal"
marker = "sys_platform != \"win32\" or os_name != \"nt\""
name = "ptyprocess"
optional = false
python-versions = "*"
version = "0.6.0"

[[package]]
category = "main"
description = "Pygments is a syntax highlighting package written in Python."
name = "pygments"
optional = false
python-versions = "*"
version = "2.2.0"

[[package]]
category = "main"
description = "Extensions to the standard Python datetime module"
name = "python-dateutil"
optional = false
python-versions = ">=2.7, !=3.0.*, !=3.1.*, !=3.2.*"
version = "2.7.5"

[package.dependencies]
six = ">=1.5"

[[package]]
category = "main"
description = "World timezone definitions, modern and historical"
name = "pytz"
optional = false
python-versions = "*"
version = "2018.7"

[[package]]
category = "main"
description = "Python bindings for the winpty library"
marker = "os_name == \"nt\""
name = "pywinpty"
optional = false
python-versions = "*"
version = "0.5.4"

[[package]]
category = "main"
description = "Python bindings for 0MQ"
name = "pyzmq"
optional = false
python-versions = ">=2.7,!=3.0*,!=3.1*,!=3.2*"
version = "17.1.2"

[[package]]
category = "main"
description = "Send file to trash natively under Mac OS X, Windows and Linux."
name = "send2trash"
optional = false
python-versions = "*"
version = "1.5.0"

[[package]]
category = "main"
description = "Python 2 and 3 compatibility utilities"
name = "six"
optional = false
python-versions = "*"
version = "1.11.0"

[[package]]
category = "main"
description = "Terminals served to xterm.js using Tornado websockets"
name = "terminado"
optional = false
python-versions = "*"
version = "0.8.1"

[package.dependencies]
ptyprocess = "*"
pywinpty = ">=0.5"
tornado = ">=4"

[[package]]
category = "main"
description = "Test utilities for code working with files and commands"
name = "testpath"
optional = false
python-versions = "*"
version = "0.4.2"

[[package]]
category = "main"
description = "Tornado is a Python web framework and asynchronous networking library, originally developed at FriendFeed."
name = "tornado"
optional = false
python-versions = "*"
version = "4.5.3"

[[package]]
category = "main"
description = "Traitlets Python config system"
name = "traitlets"
optional = false
python-versions = "*"
version = "4.3.2"

[package.dependencies]
decorator = "*"
ipython-genutils = "*"
six = "*"

[[package]]
category = "main"
description = "Measures number of Terminal column cells of wide-character codes"
name = "wcwidth"
optional = false
python-versions = "*"
version = "0.1.7"

[[package]]
category = "main"
description = "Character encoding aliases for legacy web content"
name = "webencodings"
optional = false
python-versions = "*"
version = "0.5.1"

[metadata]
content-hash = "b1524c13e0eb7d6b5abcf974f7e5a62c811cb248b7dad41290a4a4bba689a57c"
python-versions = "^3.7"

[metadata.hashes]
appnope = ["5b26757dc6f79a3b7dc9fab95359328d5747fcb2409d331ea66d0272b90ab2a0", "8b995ffe925347a2138d7ac0fe77155e4311a0ea6d6da4f5128fe4b3cbe5ed71"]
backcall = ["38ecd85be2c1e78f77fd91700c76e14667dc21e2713b63876c0eb901196e01e4", "bbbf4b1e5cd2bdb08f915895b51081c041bac22394fdfcfdfbe9f14b77c08bf2"]
bleach = ["48d39675b80a75f6d1c3bdbffec791cf0bbbab665cf01e20da701c77de278718", "73d26f018af5d5adcdabf5c1c974add4361a9c76af215fe32fdec8a6fc5fb9b9"]
colorama = ["a3d89af5db9e9806a779a50296b5fdb466e281147c2c235e8225ecc6dbf7bbf3", "c9b54bebe91a6a803e0772c8561d53f2926bfeb17cd141fbabcb08424086595c"]
decorator = ["2c51dff8ef3c447388fe5e4453d24a2bf128d3a4c32af3fabef1f01c6851ab82", "c39efa13fbdeb4506c476c9b3babf6a718da943dab7811c206005a4a956c080c"]
defusedxml = ["24d7f2f94f7f3cb6061acb215685e5125fbcdc40a857eff9de22518820b0a4f4", "702a91ade2968a82beb0db1e0766a6a273f33d4616a6ce8cde475d8e09853b20"]
entrypoints = ["10ad569bb245e7e2ba425285b9fa3e8178a0dc92fc53b1e1c553805e15a8825b", "d2d587dde06f99545fb13a383d2cd336a8ff1f359c5839ce3a64c917d10c029f"]
ipykernel = ["0aeb7ec277ac42cc2b59ae3d08b10909b2ec161dc6908096210527162b53675d", "0fc0bf97920d454102168ec2008620066878848fcfca06c22b669696212e292f"]
ipython = ["a5781d6934a3341a1f9acb4ea5acdc7ea0a0855e689dbe755d070ca51e995435", "b10a7ddd03657c761fc503495bc36471c8158e3fc948573fb9fe82a7029d8efd"]
ipython-genutils = ["72dd37233799e619666c9f639a9da83c34013a73e8bbc79a7a6348d93c61fab8", "eb2e116e75ecef9d4d228fdc66af54269afa26ab4463042e33785b887c628ba8"]
jedi = ["0191c447165f798e6a730285f2eee783fff81b0d3df261945ecb80983b5c3ca7", "b7493f73a2febe0dc33d51c99b474547f7f6c0b2c8fb2b21f453eef204c12148"]
jinja2 = ["74c935a1b8bb9a3947c50a54766a969d4846290e1e788ea44c1392163723c3bd", "f84be1bb0040caca4cea721fcbbbbd61f9be9464ca236387158b0feea01914a4"]
jsonschema = ["000e68abd33c972a5248544925a0cae7d1125f9bf6c58280d37546b946769a08", "6ff5f3180870836cae40f06fa10419f557208175f13ad7bc26caa77beb1f6e02"]
jupyter-client = ["27befcf0446b01e29853014d6a902dd101ad7d7f94e2252b1adca17c3466b761", "59e6d791e22a8002ad0e80b78c6fd6deecab4f9e1b1aa1a22f4213de271b29ea"]
jupyter-core = ["927d713ffa616ea11972534411544589976b2493fc7e09ad946e010aa7eb9970", "ba70754aa680300306c699790128f6fbd8c306ee5927976cbe48adacf240c0b7"]
jupyterlab = ["c48f092526f6d5f12b039118bd92401ab605f49d17050ac71c0d809e86b15036", "deba0b2803640fcad72c61366bff11d5945173015961586d5e3b2f629ffeb455"]
jupyterlab-server = ["65eaf85b27a37380329fbdd8ebd095a0bd65fe9261d73ef6a1abee1dbaeaac1f", "72d916a73957a880cdb885def6d8664a6d1b2760ef5dca5ad665aa1e8d1bb783"]
markupsafe = ["048ef924c1623740e70204aa7143ec592504045ae4429b59c30054cb31e3c432", "130f844e7f5bdd8e9f3f42e7102ef1d49b2e6fdf0d7526df3f87281a532d8c8b", "19f637c2ac5ae9da8bfd98cef74d64b7e1bb8a63038a3505cd182c3fac5eb4d9", "1b8a7a87ad1b92bd887568ce54b23565f3fd7018c4180136e1cf412b405a47af", "1c25694ca680b6919de53a4bb3bdd0602beafc63ff001fea2f2fc16ec3a11834", "1f19ef5d3908110e1e891deefb5586aae1b49a7440db952454b4e281b41620cd", "1fa6058938190ebe8290e5cae6c351e14e7bb44505c4a7624555ce57fbbeba0d", "31cbb1359e8c25f9f48e156e59e2eaad51cd5242c05ed18a8de6dbe85184e4b7", "3e835d8841ae7863f64e40e19477f7eb398674da6a47f09871673742531e6f4b", "4e97332c9ce444b0c2c38dd22ddc61c743eb208d916e4265a2a3b575bdccb1d3", "525396ee324ee2da82919f2ee9c9e73b012f23e7640131dd1b53a90206a0f09c", "52b07fbc32032c21ad4ab060fec137b76eb804c4b9a1c7c7dc562549306afad2", "52ccb45e77a1085ec5461cde794e1aa037df79f473cbc69b974e73940655c8d7", "5c3fbebd7de20ce93103cb3183b47671f2885307df4a17a0ad56a1dd51273d36", "5e5851969aea17660e55f6a3be00037a25b96a9b44d2083651812c99d53b14d1", "5edfa27b2d3eefa2210fb2f5d539fbed81722b49f083b2c6566455eb7422fd7e", "7d263e5770efddf465a9e31b78362d84d015cc894ca2c131901a4445eaa61ee1", "83381342bfc22b3c8c06f2dd93a505413888694302de25add756254beee8449c", "857eebb2c1dc60e4219ec8e98dfa19553dae33608237e107db9c6078b1167856", "98e439297f78fca3a6169fd330fbe88d78b3bb72f967ad9961bcac0d7fdd1550", "bf54103892a83c64db58125b3f2a43df6d2cb2d28889f14c78519394feb41492", "d9ac82be533394d341b41d78aca7ed0e0f4ba5a2231602e2f05aa87f25c51672", "e982fe07ede9fada6ff6705af70514a52beb1b2c3d25d4e873e82114cf3c5401", "edce2ea7f3dfc981c4ddc97add8a61381d9642dc3273737e756517cc03e84dd6", "efdc45ef1afc238db84cb4963aa689c0408912a0239b0721cb172b4016eb31d6", "f137c02498f8b935892d5c0172560d7ab54bc45039de8805075e19079c639a9c", "f82e347a72f955b7017a39708a3667f106e6ad4d10b25f237396a7115d8ed5fd", "fb7c206e01ad85ce57feeaaa0bf784b97fa3cad0d4a5737bc5295785f5c613a1"]
mistune = ["59a3429db53c50b5c6bcc8a07f8848cb00d7dc8bdb431a4ab41920d201d4756e", "88a1051873018da288eee8538d476dffe1262495144b33ecb586c4ab266bb8d4"]
nbconvert = ["08d21cf4203fabafd0d09bbd63f06131b411db8ebeede34b0fd4be4548351779", "a8a2749f972592aa9250db975304af6b7337f32337e523a2c995cc9e12c07807"]
nbformat = ["b9a0dbdbd45bb034f4f8893cafd6f652ea08c8c1674ba83f2dc55d3955743b0b", "f7494ef0df60766b7cabe0a3651556345a963b74dbc16bc7c18479041170d402"]
notebook = ["661341909008d1e7bfa1541904006f9789fa3de1cbec8379d2879819454cc04b", "91705b109fc785198faed892489cddb233265564d5e2dad5e4f7974af05ee8dd"]
numpy = ["0df89ca13c25eaa1621a3f09af4c8ba20da849692dcae184cb55e80952c453fb", "154c35f195fd3e1fad2569930ca51907057ae35e03938f89a8aedae91dd1b7c7", "18e84323cdb8de3325e741a7a8dd4a82db74fde363dce32b625324c7b32aa6d7", "1e8956c37fc138d65ded2d96ab3949bd49038cc6e8a4494b1515b0ba88c91565", "23557bdbca3ccbde3abaa12a6e82299bc92d2b9139011f8c16ca1bb8c75d1e95", "24fd645a5e5d224aa6e39d93e4a722fafa9160154f296fd5ef9580191c755053", "36e36b6868e4440760d4b9b44587ea1dc1f06532858d10abba98e851e154ca70", "3d734559db35aa3697dadcea492a423118c5c55d176da2f3be9c98d4803fc2a7", "416a2070acf3a2b5d586f9a6507bb97e33574df5bd7508ea970bbf4fc563fa52", "4a22dc3f5221a644dfe4a63bf990052cc674ef12a157b1056969079985c92816", "4d8d3e5aa6087490912c14a3c10fbdd380b40b421c13920ff468163bc50e016f", "4f41fd159fba1245e1958a99d349df49c616b133636e0cf668f169bce2aeac2d", "561ef098c50f91fbac2cc9305b68c915e9eb915a74d9038ecf8af274d748f76f", "56994e14b386b5c0a9b875a76d22d707b315fa037affc7819cda08b6d0489756", "73a1f2a529604c50c262179fcca59c87a05ff4614fe8a15c186934d84d09d9a5", "7da99445fd890206bfcc7419f79871ba8e73d9d9e6b82fe09980bc5bb4efc35f", "99d59e0bcadac4aa3280616591fb7bcd560e2218f5e31d5223a2e12a1425d495", "a4cc09489843c70b22e8373ca3dfa52b3fab778b57cf81462f1203b0852e95e3", "a61dc29cfca9831a03442a21d4b5fd77e3067beca4b5f81f1a89a04a71cf93fa", "b1853df739b32fa913cc59ad9137caa9cc3d97ff871e2bbd89c2a2a1d4a69451", "b1f44c335532c0581b77491b7715a871d0dd72e97487ac0f57337ccf3ab3469b", "b261e0cb0d6faa8fd6863af26d30351fd2ffdb15b82e51e81e96b9e9e2e7ba16", "c857ae5dba375ea26a6228f98c195fec0898a0fd91bcf0e8a0cae6d9faf3eca7", "cf5bb4a7d53a71bb6a0144d31df784a973b36d8687d615ef6a7e9b1809917a9b", "db9814ff0457b46f2e1d494c1efa4111ca089e08c8b983635ebffb9c1573361f", "df04f4bad8a359daa2ff74f8108ea051670cafbca533bb2636c58b16e962989e", "ecf81720934a0e18526177e645cbd6a8a21bb0ddc887ff9738de07a1df5c6b61", "edfa6fba9157e0e3be0f40168eb142511012683ac3dc82420bee4a3f3981b30e"]
pandas = ["11975fad9edbdb55f1a560d96f91830e83e29bed6ad5ebf506abda09818eaf60", "12e13d127ca1b585dd6f6840d3fe3fa6e46c36a6afe2dbc5cb0b57032c902e31", "1c87fcb201e1e06f66e23a61a5fea9eeebfe7204a66d99df24600e3f05168051", "242e9900de758e137304ad4b5663c2eff0d798c2c3b891250bd0bd97144579da", "26c903d0ae1542890cb9abadb4adcb18f356b14c2df46e4ff657ae640e3ac9e7", "2e1e88f9d3e5f107b65b59cd29f141995597b035d17cc5537e58142038942e1a", "31b7a48b344c14691a8e92765d4023f88902ba3e96e2e4d0364d3453cdfd50db", "4fd07a932b4352f8a8973761ab4e84f965bf81cc750fb38e04f01088ab901cb8", "5b24ca47acf69222e82530e89111dd9d14f9b970ab2cd3a1c2c78f0c4fbba4f4", "647b3b916cc8f6aeba240c8171be3ab799c3c1b2ea179a3be0bd2712c4237553", "66b060946046ca27c0e03e9bec9bba3e0b918bafff84c425ca2cc2e157ce121e", "6efa9fa6e1434141df8872d0fa4226fc301b17aacf37429193f9d70b426ea28f", "be4715c9d8367e51dbe6bc6d05e205b1ae234f0dc5465931014aa1c4af44c1ba", "bea90da782d8e945fccfc958585210d23de374fa9294a9481ed2abcef637ebfc", "d318d77ab96f66a59e792a481e2701fba879e1a453aefeebdb17444fe204d1ed", "d785fc08d6f4207437e900ffead930a61e634c5e4f980ba6d3dc03c9581748c7", "de9559287c4fe8da56e8c3878d2374abc19d1ba2b807bfa7553e912a8e5ba87c", "f4f98b190bb918ac0bc0e3dd2ab74ff3573da9f43106f6dba6385406912ec00f", "f71f1a7e2d03758f6e957896ed696254e2bc83110ddbc6942018f1a232dd9dad", "fb944c8f0b0ab5c1f7846c686bc4cdf8cde7224655c12edcd59d5212cd57bec0"]
pandocfilters = ["b3dd70e169bb5449e6bc6ff96aea89c5eea8c5f6ab5e207fc2f521a2cf4a0da9"]
parso = ["35704a43a3c113cce4de228ddb39aab374b8004f4f2407d070b6a2ca784ce8a2", "895c63e93b94ac1e1690f5fdd40b65f07c8171e3e53cbd7793b5b96c0e0a7f24"]
pexpect = ["2a8e88259839571d1251d278476f3eec5db26deb73a70be5ed5dc5435e418aba", "3fbd41d4caf27fa4a377bfd16fef87271099463e6fa73e92a52f92dfee5d425b"]
pickleshare = ["87683d47965c1da65cdacaf31c8441d12b8044cdec9aca500cd78fc2c683afca", "9649af414d74d4df115d5d718f82acb59c9d418196b7b4290ed47a12ce62df56"]
prometheus-client = ["046cb4fffe75e55ff0e6dfd18e2ea16e54d86cc330f369bebcc683475c8b68a9"]
prompt-toolkit = ["c1d6aff5252ab2ef391c2fe498ed8c088066f66bc64a8d5c095bbf795d9fec34", "d4c47f79b635a0e70b84fdb97ebd9a274203706b1ee5ed44c10da62755cf3ec9", "fd17048d8335c1e6d5ee403c3569953ba3eb8555d710bfc548faf0712666ea39"]
ptyprocess = ["923f299cc5ad920c68f2bc0bc98b75b9f838b93b599941a6b63ddbc2476394c0", "d7cc528d76e76342423ca640335bd3633420dc1366f258cb31d05e865ef5ca1f"]
pygments = ["78f3f434bcc5d6ee09020f92ba487f95ba50f1e3ef83ae96b9d5ffa1bab25c5d", "dbae1046def0efb574852fab9e90209b23f556367b5a320c0bcb871c77c3e8cc"]
python-dateutil = ["063df5763652e21de43de7d9e00ccf239f953a832941e37be541614732cdfc93", "88f9287c0174266bb0d8cedd395cfba9c58e87e5ad86b2ce58859bc11be3cf02"]
pytz = ["31cb35c89bd7d333cd32c5f278fca91b523b0834369e757f4c5641ea252236ca", "8e0f8568c118d3077b46be7d654cc8167fa916092e28320cde048e54bfc9f1e6"]
pywinpty = ["349eef36414b038426e65d96ecccfa581c437562cc164fb4faffe6f46963bc80", "4617637c38ae9099a99f73d8dbeb9c752743693bd1dca6ea3b1d520a7248ebf3", "4ee8193b19d77ab59097a000a2c52b36e768e92263812e0c0b40306be8927fb4", "4f6c850db79dd19b1d842d81a8c08fd7efad5e160a1effbba10ba738a5a35cb2", "4fd720b20bb69f1b7ca2060e84503ae843972fcb006ae6e8ddd6ab212fe8911c", "79f2b4584111e36826e587d33eb4e7416a12ae1d6c094cb554e873c5c162fa5f", "87ae1a2301fbce7a3005dac7cdf8ce8a4162f05130348234b87caef260771e96"]
pyzmq = ["25a0715c8f69cf72f67cfe5a68a3f3ed391c67c063d2257bec0fe7fc2c7f08f8", "2bab63759632c6b9e0d5bf19cc63c3b01df267d660e0abcf230cf0afaa966349", "30ab49d99b24bf0908ebe1cdfa421720bfab6f93174e4883075b7ff38cc555ba", "32c7ca9fc547a91e3c26fc6080b6982e46e79819e706eb414dd78f635a65d946", "41219ae72b3cc86d97557fe5b1ef5d1adc1057292ec597b50050874a970a39cf", "4b8c48a9a13cea8f1f16622f9bd46127108af14cd26150461e3eab71e0de3e46", "55724997b4a929c0d01b43c95051318e26ddbae23565018e138ae2dc60187e59", "65f0a4afae59d4fc0aad54a917ab599162613a761b760ba167d66cc646ac3786", "6f88591a8b246f5c285ee6ce5c1bf4f6bd8464b7f090b1333a446b6240a68d40", "75022a4c60dcd8765bb9ca32f6de75a0ec83b0d96e0309dc479f4c7b21f26cb7", "76ea493bfab18dcb090d825f3662b5612e2def73dffc196d51a5194b0294a81d", "7b60c045b80709e4e3c085bab9b691e71761b44c2b42dbb047b8b498e7bc16b3", "8e6af2f736734aef8ed6f278f9f552ec7f37b1a6b98e59b887484a840757f67d", "9ac2298e486524331e26390eac14e4627effd3f8e001d4266ed9d8f1d2d31cce", "9ba650f493a9bc1f24feca1d90fce0e5dd41088a252ac9840131dfbdbf3815ca", "a02a4a385e394e46012dc83d2e8fd6523f039bb52997c1c34a2e0dd49ed839c1", "a3ceee84114d9f5711fa0f4db9c652af0e4636c89eabc9b7f03a3882569dd1ed", "a72b82ac1910f2cf61a49139f4974f994984475f771b0faa730839607eeedddf", "ab136ac51027e7c484c53138a0fab4a8a51e80d05162eb7b1585583bcfdbad27", "c095b224300bcac61e6c445e27f9046981b1ac20d891b2f1714da89d34c637c8", "c5cc52d16c06dc2521340d69adda78a8e1031705924e103c0eb8fc8af861d810", "d612e9833a89e8177f8c1dc68d7b4ff98d3186cd331acd616b01bbdab67d3a7b", "e828376a23c66c6fe90dcea24b4b72cd774f555a6ee94081670872918df87a19", "e9767c7ab2eb552796440168d5c6e23a99ecaade08dda16266d43ad461730192", "ebf8b800d42d217e4710d1582b0c8bff20cdcb4faad7c7213e52644034300924"]
send2trash = ["60001cc07d707fe247c94f74ca6ac0d3255aabcb930529690897ca2a39db28b2", "f1691922577b6fa12821234aeb57599d887c4900b9ca537948d2dac34aea888b"]
six = ["70e8a77beed4562e7f14fe23a786b54f6296e34344c23bc42f07b15018ff98e9", "832dc0e10feb1aa2c68dcc57dbb658f1c7e65b9b61af69048abc87a2db00a0eb"]
terminado = ["55abf9ade563b8f9be1f34e4233c7b7bde726059947a593322e8a553cc4c067a", "65011551baff97f5414c67018e908110693143cfbaeb16831b743fe7cad8b927"]
testpath = ["46c89ebb683f473ffe2aab0ed9f12581d4d078308a3cb3765d79c6b2317b0109", "b694b3d9288dbd81685c5d2e7140b81365d46c29f5db4bc659de5aa6b98780f8"]
tornado = ["5ef073ac6180038ccf99411fe05ae9aafb675952a2c8db60592d5daf8401f803", "6d14e47eab0e15799cf3cdcc86b0b98279da68522caace2bd7ce644287685f0a", "92b7ca81e18ba9ec3031a7ee73d4577ac21d41a0c9b775a9182f43301c3b5f8e", "ab587996fe6fb9ce65abfda440f9b61e4f9f2cf921967723540679176915e4c3", "b36298e9f63f18cad97378db2222c0e0ca6a55f6304e605515e05a25483ed51a"]
traitlets = ["9c4bd2d267b7153df9152698efb1050a5d84982d3384a37b2c1f7723ba3e7835", "c6cb5e6f57c5a9bdaa40fa71ce7b4af30298fbab9ece9815b5d995ab6217c7d9"]
wcwidth = ["3df37372226d6e63e1b1e1eda15c594bca98a22d33a23832a90998faa96bc65e", "f4ebe71925af7b40a864553f761ed559b43544f8f71746c2d756c7fe788ade7c"]
webencodings = ["a0af1213f3c2226497a97e2b3aa01a7e4bee4f403f95be16fc9acd2947514a78", "b36a1c245f2d304965eb4e0a82848379241dc04b865afcc4aab16748587e1923"]
